// !$*UTF8*$!
{
	archiveVersion = 1;
	classes = {
	};
	objectVersion = 50;
	objects = {

/* Begin PBXBuildFile section */
		B71845E021347879004D2A02 /* NoteController+CLLocationManagerDelegate.swift in Sources */ = {isa = PBXBuildFile; fileRef = B71845DF21347879004D2A02 /* NoteController+CLLocationManagerDelegate.swift */; };
		B71845EB2134A7EF004D2A02 /* NoteController+helperFunctions.swift in Sources */ = {isa = PBXBuildFile; fileRef = B71845EA2134A7EF004D2A02 /* NoteController+helperFunctions.swift */; };
		B71845ED2134B548004D2A02 /* NoteController+UIImagePickerConrollerDelegate.swift in Sources */ = {isa = PBXBuildFile; fileRef = B71845EC2134B548004D2A02 /* NoteController+UIImagePickerConrollerDelegate.swift */; };
		B71845EF2134B5BE004D2A02 /* NoteController+UINavigationControllerDelegate.swift in Sources */ = {isa = PBXBuildFile; fileRef = B71845EE2134B5BE004D2A02 /* NoteController+UINavigationControllerDelegate.swift */; };
		B7406D7021248ED50074CFE2 /* AppDelegate.swift in Sources */ = {isa = PBXBuildFile; fileRef = B7406D6F21248ED50074CFE2 /* AppDelegate.swift */; };
		B7406D7221248ED50074CFE2 /* NoteController.swift in Sources */ = {isa = PBXBuildFile; fileRef = B7406D7121248ED50074CFE2 /* NoteController.swift */; };
		B7406D8221248EF50074CFE2 /* Launch Screen.storyboard in Resources */ = {isa = PBXBuildFile; fileRef = B7406D8121248EF50074CFE2 /* Launch Screen.storyboard */; };
		B7406D8721248FE80074CFE2 /* Assets.xcassets in Resources */ = {isa = PBXBuildFile; fileRef = B7406D8621248FE80074CFE2 /* Assets.xcassets */; };
		B7406D8E212490350074CFE2 /* UIColor+rgb.swift in Sources */ = {isa = PBXBuildFile; fileRef = B7406D88212490350074CFE2 /* UIColor+rgb.swift */; };
		B7406D8F212490350074CFE2 /* UIColor+theme.swift in Sources */ = {isa = PBXBuildFile; fileRef = B7406D89212490350074CFE2 /* UIColor+theme.swift */; };
		B7406D90212490350074CFE2 /* UILabel+IndentedLabel.swift in Sources */ = {isa = PBXBuildFile; fileRef = B7406D8A212490350074CFE2 /* UILabel+IndentedLabel.swift */; };
		B7406D91212490350074CFE2 /* UView+constraints.swift in Sources */ = {isa = PBXBuildFile; fileRef = B7406D8B212490350074CFE2 /* UView+constraints.swift */; };
		B7406D92212490350074CFE2 /* UINavigationController+style.swift in Sources */ = {isa = PBXBuildFile; fileRef = B7406D8C212490350074CFE2 /* UINavigationController+style.swift */; };
		B7406D93212490350074CFE2 /* UIView+helpers.swift in Sources */ = {isa = PBXBuildFile; fileRef = B7406D8D212490350074CFE2 /* UIView+helpers.swift */; };
		B7406D96212490940074CFE2 /* CustomNavigationController.swift in Sources */ = {isa = PBXBuildFile; fileRef = B7406D95212490940074CFE2 /* CustomNavigationController.swift */; };
		B748CCF8212C66FA00D99977 /* Note+CoreDataManager.swift in Sources */ = {isa = PBXBuildFile; fileRef = B748CCF7212C66FA00D99977 /* Note+CoreDataManager.swift */; };
		B748CCFA212C6ABE00D99977 /* Notebook+CoreDataManager.swift in Sources */ = {isa = PBXBuildFile; fileRef = B748CCF9212C6ABE00D99977 /* Notebook+CoreDataManager.swift */; };
		B748CCFC212F195F00D99977 /* NotebookListControllerDelegate.swift in Sources */ = {isa = PBXBuildFile; fileRef = B748CCFB212F195F00D99977 /* NotebookListControllerDelegate.swift */; };
		B748CCFE212F1D1300D99977 /* NoteListController+NotebookListControllerDelegate.swift in Sources */ = {isa = PBXBuildFile; fileRef = B748CCFD212F1D1300D99977 /* NoteListController+NotebookListControllerDelegate.swift */; };
		B748CD02212F2E0800D99977 /* MoveNotesController.swift in Sources */ = {isa = PBXBuildFile; fileRef = B748CD01212F2E0800D99977 /* MoveNotesController.swift */; };
		B748CD05212F307E00D99977 /* MoveNotesController+MoveNotesControllerDelegate.swift in Sources */ = {isa = PBXBuildFile; fileRef = B748CD04212F307E00D99977 /* MoveNotesController+MoveNotesControllerDelegate.swift */; };
		B748CD07212F334900D99977 /* MoveNotesController+UIPickerViewDataSource.swift in Sources */ = {isa = PBXBuildFile; fileRef = B748CD06212F334900D99977 /* MoveNotesController+UIPickerViewDataSource.swift */; };
		B748CD09212F336D00D99977 /* MoveNotesController+UIPickerViewDelegate.swift in Sources */ = {isa = PBXBuildFile; fileRef = B748CD08212F336D00D99977 /* MoveNotesController+UIPickerViewDelegate.swift */; };
		B748CD0B2132F78800D99977 /* NotebookListController+DeleteNotebookAndMoveNotesControllerDelegate.swift in Sources */ = {isa = PBXBuildFile; fileRef = B748CD0A2132F78800D99977 /* NotebookListController+DeleteNotebookAndMoveNotesControllerDelegate.swift */; };
		B748CD0D2133042400D99977 /* NoteListController+MoveNotesControllerDelegate.swift in Sources */ = {isa = PBXBuildFile; fileRef = B748CD0C2133042400D99977 /* NoteListController+MoveNotesControllerDelegate.swift */; };
		B748CD1A21332BA900D99977 /* UIColor+SeparatorColor.swift in Sources */ = {isa = PBXBuildFile; fileRef = B748CD1921332BA900D99977 /* UIColor+SeparatorColor.swift */; };
		B76FCEC42124B2A100B7F242 /* Notes.xcdatamodeld in Sources */ = {isa = PBXBuildFile; fileRef = B76FCEC22124B2A100B7F242 /* Notes.xcdatamodeld */; };
		B76FCEC72124B2DE00B7F242 /* CoreDataManager.swift in Sources */ = {isa = PBXBuildFile; fileRef = B76FCEC62124B2DE00B7F242 /* CoreDataManager.swift */; };
		B76FCEC92124C26B00B7F242 /* NoteListController+NoteControllerDelegate.swift in Sources */ = {isa = PBXBuildFile; fileRef = B76FCEC82124C26B00B7F242 /* NoteListController+NoteControllerDelegate.swift */; };
		B76FCECB2124C2BF00B7F242 /* NoteControllerDelegate.swift in Sources */ = {isa = PBXBuildFile; fileRef = B76FCECA2124C2BF00B7F242 /* NoteControllerDelegate.swift */; };
		B76FCED42124CCE800B7F242 /* NotebookListCustomCell.swift in Sources */ = {isa = PBXBuildFile; fileRef = B76FCED32124CCE800B7F242 /* NotebookListCustomCell.swift */; };
		B780CAFD2124AB0C00BD8EFD /* NoteListController.swift in Sources */ = {isa = PBXBuildFile; fileRef = B780CAFC2124AB0C00BD8EFD /* NoteListController.swift */; };
		B780CB032124ACB100BD8EFD /* NoteListController+UITableView.swift in Sources */ = {isa = PBXBuildFile; fileRef = B780CB022124ACB100BD8EFD /* NoteListController+UITableView.swift */; };
		B7E688742134BEA700E9585A /* NoteController+permissions.swift in Sources */ = {isa = PBXBuildFile; fileRef = B7E688732134BEA700E9585A /* NoteController+permissions.swift */; };
		B7E688762134BF0E00E9585A /* NoteController+locationManager.swift in Sources */ = {isa = PBXBuildFile; fileRef = B7E688752134BF0E00E9585A /* NoteController+locationManager.swift */; };
		B7E688782134BFC900E9585A /* MapController.swift in Sources */ = {isa = PBXBuildFile; fileRef = B7E688772134BFC900E9585A /* MapController.swift */; };
		B7E6887A2134BFED00E9585A /* MapController+MKMapViewDelegate.swift in Sources */ = {isa = PBXBuildFile; fileRef = B7E688792134BFED00E9585A /* MapController+MKMapViewDelegate.swift */; };
		B7ED7BC52129C852009DC01A /* NotebookController.swift in Sources */ = {isa = PBXBuildFile; fileRef = B7ED7BC42129C852009DC01A /* NotebookController.swift */; };
		B7ED7BCA2129CC1E009DC01A /* NotebookControllerDelegate.swift in Sources */ = {isa = PBXBuildFile; fileRef = B7ED7BC92129CC1E009DC01A /* NotebookControllerDelegate.swift */; };
		B7ED7BCC2129CDB3009DC01A /* NotebookListController+NotebookControllerDelegate.swift in Sources */ = {isa = PBXBuildFile; fileRef = B7ED7BCB2129CDB3009DC01A /* NotebookListController+NotebookControllerDelegate.swift */; };
		B7F184EE2128CCB700630ADA /* NotebookListController.swift in Sources */ = {isa = PBXBuildFile; fileRef = B7F184ED2128CCB700630ADA /* NotebookListController.swift */; };
		B7F184F12128CDBC00630ADA /* NotebookListController+UITableViewController.swift in Sources */ = {isa = PBXBuildFile; fileRef = B7F184F02128CDBC00630ADA /* NotebookListController+UITableViewController.swift */; };
/* End PBXBuildFile section */

/* Begin PBXFileReference section */
		B71845DF21347879004D2A02 /* NoteController+CLLocationManagerDelegate.swift */ = {isa = PBXFileReference; lastKnownFileType = sourcecode.swift; path = "NoteController+CLLocationManagerDelegate.swift"; sourceTree = "<group>"; };
		B71845EA2134A7EF004D2A02 /* NoteController+helperFunctions.swift */ = {isa = PBXFileReference; lastKnownFileType = sourcecode.swift; path = "NoteController+helperFunctions.swift"; sourceTree = "<group>"; };
		B71845EC2134B548004D2A02 /* NoteController+UIImagePickerConrollerDelegate.swift */ = {isa = PBXFileReference; lastKnownFileType = sourcecode.swift; path = "NoteController+UIImagePickerConrollerDelegate.swift"; sourceTree = "<group>"; };
		B71845EE2134B5BE004D2A02 /* NoteController+UINavigationControllerDelegate.swift */ = {isa = PBXFileReference; lastKnownFileType = sourcecode.swift; path = "NoteController+UINavigationControllerDelegate.swift"; sourceTree = "<group>"; };
		B7406D6C21248ED50074CFE2 /* NotesCD.app */ = {isa = PBXFileReference; explicitFileType = wrapper.application; includeInIndex = 0; path = NotesCD.app; sourceTree = BUILT_PRODUCTS_DIR; };
		B7406D6F21248ED50074CFE2 /* AppDelegate.swift */ = {isa = PBXFileReference; lastKnownFileType = sourcecode.swift; path = AppDelegate.swift; sourceTree = "<group>"; };
		B7406D7121248ED50074CFE2 /* NoteController.swift */ = {isa = PBXFileReference; lastKnownFileType = sourcecode.swift; path = NoteController.swift; sourceTree = "<group>"; };
		B7406D7B21248ED50074CFE2 /* Info.plist */ = {isa = PBXFileReference; lastKnownFileType = text.plist.xml; path = Info.plist; sourceTree = "<group>"; };
		B7406D8121248EF50074CFE2 /* Launch Screen.storyboard */ = {isa = PBXFileReference; lastKnownFileType = file.storyboard; path = "Launch Screen.storyboard"; sourceTree = "<group>"; };
		B7406D8621248FE80074CFE2 /* Assets.xcassets */ = {isa = PBXFileReference; lastKnownFileType = folder.assetcatalog; path = Assets.xcassets; sourceTree = "<group>"; };
		B7406D88212490350074CFE2 /* UIColor+rgb.swift */ = {isa = PBXFileReference; fileEncoding = 4; lastKnownFileType = sourcecode.swift; path = "UIColor+rgb.swift"; sourceTree = "<group>"; };
		B7406D89212490350074CFE2 /* UIColor+theme.swift */ = {isa = PBXFileReference; fileEncoding = 4; lastKnownFileType = sourcecode.swift; path = "UIColor+theme.swift"; sourceTree = "<group>"; };
		B7406D8A212490350074CFE2 /* UILabel+IndentedLabel.swift */ = {isa = PBXFileReference; fileEncoding = 4; lastKnownFileType = sourcecode.swift; path = "UILabel+IndentedLabel.swift"; sourceTree = "<group>"; };
		B7406D8B212490350074CFE2 /* UView+constraints.swift */ = {isa = PBXFileReference; fileEncoding = 4; lastKnownFileType = sourcecode.swift; path = "UView+constraints.swift"; sourceTree = "<group>"; };
		B7406D8C212490350074CFE2 /* UINavigationController+style.swift */ = {isa = PBXFileReference; fileEncoding = 4; lastKnownFileType = sourcecode.swift; path = "UINavigationController+style.swift"; sourceTree = "<group>"; };
		B7406D8D212490350074CFE2 /* UIView+helpers.swift */ = {isa = PBXFileReference; fileEncoding = 4; lastKnownFileType = sourcecode.swift; path = "UIView+helpers.swift"; sourceTree = "<group>"; };
		B7406D95212490940074CFE2 /* CustomNavigationController.swift */ = {isa = PBXFileReference; fileEncoding = 4; lastKnownFileType = sourcecode.swift; path = CustomNavigationController.swift; sourceTree = "<group>"; };
		B748CCF7212C66FA00D99977 /* Note+CoreDataManager.swift */ = {isa = PBXFileReference; lastKnownFileType = sourcecode.swift; path = "Note+CoreDataManager.swift"; sourceTree = "<group>"; };
		B748CCF9212C6ABE00D99977 /* Notebook+CoreDataManager.swift */ = {isa = PBXFileReference; lastKnownFileType = sourcecode.swift; path = "Notebook+CoreDataManager.swift"; sourceTree = "<group>"; };
		B748CCFB212F195F00D99977 /* NotebookListControllerDelegate.swift */ = {isa = PBXFileReference; lastKnownFileType = sourcecode.swift; path = NotebookListControllerDelegate.swift; sourceTree = "<group>"; };
		B748CCFD212F1D1300D99977 /* NoteListController+NotebookListControllerDelegate.swift */ = {isa = PBXFileReference; lastKnownFileType = sourcecode.swift; path = "NoteListController+NotebookListControllerDelegate.swift"; sourceTree = "<group>"; };
		B748CD01212F2E0800D99977 /* MoveNotesController.swift */ = {isa = PBXFileReference; lastKnownFileType = sourcecode.swift; path = MoveNotesController.swift; sourceTree = "<group>"; };
		B748CD04212F307E00D99977 /* MoveNotesController+MoveNotesControllerDelegate.swift */ = {isa = PBXFileReference; lastKnownFileType = sourcecode.swift; path = "MoveNotesController+MoveNotesControllerDelegate.swift"; sourceTree = "<group>"; };
		B748CD06212F334900D99977 /* MoveNotesController+UIPickerViewDataSource.swift */ = {isa = PBXFileReference; lastKnownFileType = sourcecode.swift; path = "MoveNotesController+UIPickerViewDataSource.swift"; sourceTree = "<group>"; };
		B748CD08212F336D00D99977 /* MoveNotesController+UIPickerViewDelegate.swift */ = {isa = PBXFileReference; lastKnownFileType = sourcecode.swift; path = "MoveNotesController+UIPickerViewDelegate.swift"; sourceTree = "<group>"; };
		B748CD0A2132F78800D99977 /* NotebookListController+DeleteNotebookAndMoveNotesControllerDelegate.swift */ = {isa = PBXFileReference; lastKnownFileType = sourcecode.swift; path = "NotebookListController+DeleteNotebookAndMoveNotesControllerDelegate.swift"; sourceTree = "<group>"; };
		B748CD0C2133042400D99977 /* NoteListController+MoveNotesControllerDelegate.swift */ = {isa = PBXFileReference; lastKnownFileType = sourcecode.swift; path = "NoteListController+MoveNotesControllerDelegate.swift"; sourceTree = "<group>"; };
		B748CD1921332BA900D99977 /* UIColor+SeparatorColor.swift */ = {isa = PBXFileReference; lastKnownFileType = sourcecode.swift; path = "UIColor+SeparatorColor.swift"; sourceTree = "<group>"; };
		B76FCEC32124B2A100B7F242 /* Notes.xcdatamodel */ = {isa = PBXFileReference; lastKnownFileType = wrapper.xcdatamodel; path = Notes.xcdatamodel; sourceTree = "<group>"; };
		B76FCEC62124B2DE00B7F242 /* CoreDataManager.swift */ = {isa = PBXFileReference; lastKnownFileType = sourcecode.swift; path = CoreDataManager.swift; sourceTree = "<group>"; };
		B76FCEC82124C26B00B7F242 /* NoteListController+NoteControllerDelegate.swift */ = {isa = PBXFileReference; lastKnownFileType = sourcecode.swift; path = "NoteListController+NoteControllerDelegate.swift"; sourceTree = "<group>"; };
		B76FCECA2124C2BF00B7F242 /* NoteControllerDelegate.swift */ = {isa = PBXFileReference; lastKnownFileType = sourcecode.swift; path = NoteControllerDelegate.swift; sourceTree = "<group>"; };
		B76FCED32124CCE800B7F242 /* NotebookListCustomCell.swift */ = {isa = PBXFileReference; lastKnownFileType = sourcecode.swift; path = NotebookListCustomCell.swift; sourceTree = "<group>"; };
		B780CAFC2124AB0C00BD8EFD /* NoteListController.swift */ = {isa = PBXFileReference; lastKnownFileType = sourcecode.swift; path = NoteListController.swift; sourceTree = "<group>"; };
		B780CB022124ACB100BD8EFD /* NoteListController+UITableView.swift */ = {isa = PBXFileReference; lastKnownFileType = sourcecode.swift; path = "NoteListController+UITableView.swift"; sourceTree = "<group>"; };
		B7E688732134BEA700E9585A /* NoteController+permissions.swift */ = {isa = PBXFileReference; lastKnownFileType = sourcecode.swift; path = "NoteController+permissions.swift"; sourceTree = "<group>"; };
		B7E688752134BF0E00E9585A /* NoteController+locationManager.swift */ = {isa = PBXFileReference; lastKnownFileType = sourcecode.swift; path = "NoteController+locationManager.swift"; sourceTree = "<group>"; };
		B7E688772134BFC900E9585A /* MapController.swift */ = {isa = PBXFileReference; lastKnownFileType = sourcecode.swift; path = MapController.swift; sourceTree = "<group>"; };
		B7E688792134BFED00E9585A /* MapController+MKMapViewDelegate.swift */ = {isa = PBXFileReference; lastKnownFileType = sourcecode.swift; path = "MapController+MKMapViewDelegate.swift"; sourceTree = "<group>"; };
		B7ED7BC42129C852009DC01A /* NotebookController.swift */ = {isa = PBXFileReference; lastKnownFileType = sourcecode.swift; path = NotebookController.swift; sourceTree = "<group>"; };
		B7ED7BC92129CC1E009DC01A /* NotebookControllerDelegate.swift */ = {isa = PBXFileReference; lastKnownFileType = sourcecode.swift; path = NotebookControllerDelegate.swift; sourceTree = "<group>"; };
		B7ED7BCB2129CDB3009DC01A /* NotebookListController+NotebookControllerDelegate.swift */ = {isa = PBXFileReference; lastKnownFileType = sourcecode.swift; path = "NotebookListController+NotebookControllerDelegate.swift"; sourceTree = "<group>"; };
		B7F184ED2128CCB700630ADA /* NotebookListController.swift */ = {isa = PBXFileReference; lastKnownFileType = sourcecode.swift; path = NotebookListController.swift; sourceTree = "<group>"; };
		B7F184F02128CDBC00630ADA /* NotebookListController+UITableViewController.swift */ = {isa = PBXFileReference; lastKnownFileType = sourcecode.swift; path = "NotebookListController+UITableViewController.swift"; sourceTree = "<group>"; };
/* End PBXFileReference section */

/* Begin PBXFrameworksBuildPhase section */
		B7406D6921248ED50074CFE2 /* Frameworks */ = {
			isa = PBXFrameworksBuildPhase;
			buildActionMask = 2147483647;
			files = (
			);
			runOnlyForDeploymentPostprocessing = 0;
		};
/* End PBXFrameworksBuildPhase section */

/* Begin PBXGroup section */
		B7406D6321248ED50074CFE2 = {
			isa = PBXGroup;
			children = (
				B7406D8121248EF50074CFE2 /* Launch Screen.storyboard */,
				B7406D6E21248ED50074CFE2 /* NotesCD */,
				B7406D8621248FE80074CFE2 /* Assets.xcassets */,
				B7406D6D21248ED50074CFE2 /* Products */,
			);
			sourceTree = "<group>";
		};
		B7406D6D21248ED50074CFE2 /* Products */ = {
			isa = PBXGroup;
			children = (
				B7406D6C21248ED50074CFE2 /* NotesCD.app */,
			);
			name = Products;
			sourceTree = "<group>";
		};
		B7406D6E21248ED50074CFE2 /* NotesCD */ = {
			isa = PBXGroup;
			children = (
				B7406D8521248FBF0074CFE2 /* Controllers */,
				B76FCEC52124B2AA00B7F242 /* Models */,
				B748CD212133532700D99977 /* Views */,
				B7406D94212490430074CFE2 /* Utils */,
				B7406D6F21248ED50074CFE2 /* AppDelegate.swift */,
				B7406D7B21248ED50074CFE2 /* Info.plist */,
			);
			path = NotesCD;
			sourceTree = "<group>";
		};
		B7406D8521248FBF0074CFE2 /* Controllers */ = {
			isa = PBXGroup;
			children = (
				B780CAFF2124AB1D00BD8EFD /* Notebook */,
				B780CAFB2124AAFA00BD8EFD /* Note */,
			);
			path = Controllers;
			sourceTree = "<group>";
		};
		B7406D94212490430074CFE2 /* Utils */ = {
			isa = PBXGroup;
			children = (
				B7406D88212490350074CFE2 /* UIColor+rgb.swift */,
				B7406D89212490350074CFE2 /* UIColor+theme.swift */,
				B748CD1921332BA900D99977 /* UIColor+SeparatorColor.swift */,
				B7406D8A212490350074CFE2 /* UILabel+IndentedLabel.swift */,
				B7406D8C212490350074CFE2 /* UINavigationController+style.swift */,
				B7406D8D212490350074CFE2 /* UIView+helpers.swift */,
				B7406D8B212490350074CFE2 /* UView+constraints.swift */,
			);
			path = Utils;
			sourceTree = "<group>";
		};
		B748168F21286B46005E7AB3 /* NoteListController */ = {
			isa = PBXGroup;
			children = (
				B780CAFC2124AB0C00BD8EFD /* NoteListController.swift */,
				B780CB022124ACB100BD8EFD /* NoteListController+UITableView.swift */,
				B76FCEC82124C26B00B7F242 /* NoteListController+NoteControllerDelegate.swift */,
				B748CCFD212F1D1300D99977 /* NoteListController+NotebookListControllerDelegate.swift */,
				B748CD0C2133042400D99977 /* NoteListController+MoveNotesControllerDelegate.swift */,
			);
			path = NoteListController;
			sourceTree = "<group>";
		};
		B748CD03212F303F00D99977 /* MoveNotes */ = {
			isa = PBXGroup;
			children = (
				B748CD01212F2E0800D99977 /* MoveNotesController.swift */,
				B748CD04212F307E00D99977 /* MoveNotesController+MoveNotesControllerDelegate.swift */,
				B748CD06212F334900D99977 /* MoveNotesController+UIPickerViewDataSource.swift */,
				B748CD08212F336D00D99977 /* MoveNotesController+UIPickerViewDelegate.swift */,
			);
			path = MoveNotes;
			sourceTree = "<group>";
		};
		B748CD102133117200D99977 /* Map */ = {
			isa = PBXGroup;
			children = (
				B7E688772134BFC900E9585A /* MapController.swift */,
				B7E688792134BFED00E9585A /* MapController+MKMapViewDelegate.swift */,
			);
			name = Map;
			path = Location;
			sourceTree = "<group>";
		};
		B748CD212133532700D99977 /* Views */ = {
			isa = PBXGroup;
			children = (
				B7406D95212490940074CFE2 /* CustomNavigationController.swift */,
			);
			path = Views;
			sourceTree = "<group>";
		};
		B76FCEC52124B2AA00B7F242 /* Models */ = {
			isa = PBXGroup;
			children = (
				B76FCEC22124B2A100B7F242 /* Notes.xcdatamodeld */,
				B76FCEC62124B2DE00B7F242 /* CoreDataManager.swift */,
				B748CCF7212C66FA00D99977 /* Note+CoreDataManager.swift */,
				B748CCF9212C6ABE00D99977 /* Notebook+CoreDataManager.swift */,
			);
			path = Models;
			sourceTree = "<group>";
		};
		B780CAFB2124AAFA00BD8EFD /* Note */ = {
			isa = PBXGroup;
			children = (
				B7406D7121248ED50074CFE2 /* NoteController.swift */,
				B76FCECA2124C2BF00B7F242 /* NoteControllerDelegate.swift */,
				B71845DF21347879004D2A02 /* NoteController+CLLocationManagerDelegate.swift */,
				B71845EC2134B548004D2A02 /* NoteController+UIImagePickerConrollerDelegate.swift */,
				B71845EE2134B5BE004D2A02 /* NoteController+UINavigationControllerDelegate.swift */,
				B71845EA2134A7EF004D2A02 /* NoteController+helperFunctions.swift */,
				B7E688732134BEA700E9585A /* NoteController+permissions.swift */,
				B7E688752134BF0E00E9585A /* NoteController+locationManager.swift */,
				B748168F21286B46005E7AB3 /* NoteListController */,
				B748CD03212F303F00D99977 /* MoveNotes */,
				B748CD102133117200D99977 /* Map */,
			);
			path = Note;
			sourceTree = "<group>";
		};
		B780CAFF2124AB1D00BD8EFD /* Notebook */ = {
			isa = PBXGroup;
			children = (
				B7ED7BC62129C85A009DC01A /* NotebookController */,
				B7F184EF2128CCBE00630ADA /* NotebookList */,
			);
			path = Notebook;
			sourceTree = "<group>";
		};
		B7ED7BC62129C85A009DC01A /* NotebookController */ = {
			isa = PBXGroup;
			children = (
				B7ED7BC42129C852009DC01A /* NotebookController.swift */,
				B7ED7BC92129CC1E009DC01A /* NotebookControllerDelegate.swift */,
			);
			path = NotebookController;
			sourceTree = "<group>";
		};
		B7F184EF2128CCBE00630ADA /* NotebookList */ = {
			isa = PBXGroup;
			children = (
				B7F184ED2128CCB700630ADA /* NotebookListController.swift */,
				B7F184F02128CDBC00630ADA /* NotebookListController+UITableViewController.swift */,
				B76FCED32124CCE800B7F242 /* NotebookListCustomCell.swift */,
				B748CCFB212F195F00D99977 /* NotebookListControllerDelegate.swift */,
				B7ED7BCB2129CDB3009DC01A /* NotebookListController+NotebookControllerDelegate.swift */,
				B748CD0A2132F78800D99977 /* NotebookListController+DeleteNotebookAndMoveNotesControllerDelegate.swift */,
			);
			path = NotebookList;
			sourceTree = "<group>";
		};
/* End PBXGroup section */

/* Begin PBXNativeTarget section */
		B7406D6B21248ED50074CFE2 /* NotesCD */ = {
			isa = PBXNativeTarget;
			buildConfigurationList = B7406D7E21248ED50074CFE2 /* Build configuration list for PBXNativeTarget "NotesCD" */;
			buildPhases = (
				B7406D6821248ED50074CFE2 /* Sources */,
				B7406D6921248ED50074CFE2 /* Frameworks */,
				B7406D6A21248ED50074CFE2 /* Resources */,
			);
			buildRules = (
			);
			dependencies = (
			);
			name = NotesCD;
			productName = NotesCD;
			productReference = B7406D6C21248ED50074CFE2 /* NotesCD.app */;
			productType = "com.apple.product-type.application";
		};
/* End PBXNativeTarget section */

/* Begin PBXProject section */
		B7406D6421248ED50074CFE2 /* Project object */ = {
			isa = PBXProject;
			attributes = {
				LastSwiftUpdateCheck = 0940;
				LastUpgradeCheck = 0940;
				ORGANIZATIONNAME = "Irma Blanco";
				TargetAttributes = {
					B7406D6B21248ED50074CFE2 = {
						CreatedOnToolsVersion = 9.4.1;
					};
				};
			};
			buildConfigurationList = B7406D6721248ED50074CFE2 /* Build configuration list for PBXProject "NotesCD" */;
			compatibilityVersion = "Xcode 9.3";
			developmentRegion = en;
			hasScannedForEncodings = 0;
			knownRegions = (
				en,
				Base,
			);
			mainGroup = B7406D6321248ED50074CFE2;
			productRefGroup = B7406D6D21248ED50074CFE2 /* Products */;
			projectDirPath = "";
			projectRoot = "";
			targets = (
				B7406D6B21248ED50074CFE2 /* NotesCD */,
			);
		};
/* End PBXProject section */

/* Begin PBXResourcesBuildPhase section */
		B7406D6A21248ED50074CFE2 /* Resources */ = {
			isa = PBXResourcesBuildPhase;
			buildActionMask = 2147483647;
			files = (
				B7406D8721248FE80074CFE2 /* Assets.xcassets in Resources */,
				B7406D8221248EF50074CFE2 /* Launch Screen.storyboard in Resources */,
			);
			runOnlyForDeploymentPostprocessing = 0;
		};
/* End PBXResourcesBuildPhase section */

/* Begin PBXSourcesBuildPhase section */
		B7406D6821248ED50074CFE2 /* Sources */ = {
			isa = PBXSourcesBuildPhase;
			buildActionMask = 2147483647;
			files = (
				B7406D90212490350074CFE2 /* UILabel+IndentedLabel.swift in Sources */,
				B748CD07212F334900D99977 /* MoveNotesController+UIPickerViewDataSource.swift in Sources */,
				B7E688742134BEA700E9585A /* NoteController+permissions.swift in Sources */,
				B748CD0B2132F78800D99977 /* NotebookListController+DeleteNotebookAndMoveNotesControllerDelegate.swift in Sources */,
				B7406D92212490350074CFE2 /* UINavigationController+style.swift in Sources */,
				B7E6887A2134BFED00E9585A /* MapController+MKMapViewDelegate.swift in Sources */,
				B748CCFE212F1D1300D99977 /* NoteListController+NotebookListControllerDelegate.swift in Sources */,
				B780CAFD2124AB0C00BD8EFD /* NoteListController.swift in Sources */,
				B7ED7BC52129C852009DC01A /* NotebookController.swift in Sources */,
				B71845EF2134B5BE004D2A02 /* NoteController+UINavigationControllerDelegate.swift in Sources */,
				B7406D8E212490350074CFE2 /* UIColor+rgb.swift in Sources */,
				B748CCFA212C6ABE00D99977 /* Notebook+CoreDataManager.swift in Sources */,
				B7E688782134BFC900E9585A /* MapController.swift in Sources */,
				B7406D96212490940074CFE2 /* CustomNavigationController.swift in Sources */,
				B7E688762134BF0E00E9585A /* NoteController+locationManager.swift in Sources */,
				B748CD1A21332BA900D99977 /* UIColor+SeparatorColor.swift in Sources */,
				B748CD09212F336D00D99977 /* MoveNotesController+UIPickerViewDelegate.swift in Sources */,
				B748CCF8212C66FA00D99977 /* Note+CoreDataManager.swift in Sources */,
				B76FCECB2124C2BF00B7F242 /* NoteControllerDelegate.swift in Sources */,
				B7F184F12128CDBC00630ADA /* NotebookListController+UITableViewController.swift in Sources */,
				B748CD02212F2E0800D99977 /* MoveNotesController.swift in Sources */,
				B7ED7BCC2129CDB3009DC01A /* NotebookListController+NotebookControllerDelegate.swift in Sources */,
				B748CCFC212F195F00D99977 /* NotebookListControllerDelegate.swift in Sources */,
				B71845ED2134B548004D2A02 /* NoteController+UIImagePickerConrollerDelegate.swift in Sources */,
				B780CB032124ACB100BD8EFD /* NoteListController+UITableView.swift in Sources */,
				B7406D8F212490350074CFE2 /* UIColor+theme.swift in Sources */,
				B748CD05212F307E00D99977 /* MoveNotesController+MoveNotesControllerDelegate.swift in Sources */,
				B76FCEC92124C26B00B7F242 /* NoteListController+NoteControllerDelegate.swift in Sources */,
				B748CD0D2133042400D99977 /* NoteListController+MoveNotesControllerDelegate.swift in Sources */,
				B76FCEC72124B2DE00B7F242 /* CoreDataManager.swift in Sources */,
				B76FCEC42124B2A100B7F242 /* Notes.xcdatamodeld in Sources */,
				B7406D7221248ED50074CFE2 /* NoteController.swift in Sources */,
				B7F184EE2128CCB700630ADA /* NotebookListController.swift in Sources */,
				B7ED7BCA2129CC1E009DC01A /* NotebookControllerDelegate.swift in Sources */,
				B7406D7021248ED50074CFE2 /* AppDelegate.swift in Sources */,
				B7406D93212490350074CFE2 /* UIView+helpers.swift in Sources */,
				B7406D91212490350074CFE2 /* UView+constraints.swift in Sources */,
				B71845E021347879004D2A02 /* NoteController+CLLocationManagerDelegate.swift in Sources */,
				B71845EB2134A7EF004D2A02 /* NoteController+helperFunctions.swift in Sources */,
				B76FCED42124CCE800B7F242 /* NotebookListCustomCell.swift in Sources */,
			);
			runOnlyForDeploymentPostprocessing = 0;
		};
/* End PBXSourcesBuildPhase section */

/* Begin XCBuildConfiguration section */
		B7406D7C21248ED50074CFE2 /* Debug */ = {
			isa = XCBuildConfiguration;
			buildSettings = {
				ALWAYS_SEARCH_USER_PATHS = NO;
				CLANG_ANALYZER_NONNULL = YES;
				CLANG_ANALYZER_NUMBER_OBJECT_CONVERSION = YES_AGGRESSIVE;
				CLANG_CXX_LANGUAGE_STANDARD = "gnu++14";
				CLANG_CXX_LIBRARY = "libc++";
				CLANG_ENABLE_MODULES = YES;
				CLANG_ENABLE_OBJC_ARC = YES;
				CLANG_ENABLE_OBJC_WEAK = YES;
				CLANG_WARN_BLOCK_CAPTURE_AUTORELEASING = YES;
				CLANG_WARN_BOOL_CONVERSION = YES;
				CLANG_WARN_COMMA = YES;
				CLANG_WARN_CONSTANT_CONVERSION = YES;
				CLANG_WARN_DEPRECATED_OBJC_IMPLEMENTATIONS = YES;
				CLANG_WARN_DIRECT_OBJC_ISA_USAGE = YES_ERROR;
				CLANG_WARN_DOCUMENTATION_COMMENTS = YES;
				CLANG_WARN_EMPTY_BODY = YES;
				CLANG_WARN_ENUM_CONVERSION = YES;
				CLANG_WARN_INFINITE_RECURSION = YES;
				CLANG_WARN_INT_CONVERSION = YES;
				CLANG_WARN_NON_LITERAL_NULL_CONVERSION = YES;
				CLANG_WARN_OBJC_IMPLICIT_RETAIN_SELF = YES;
				CLANG_WARN_OBJC_LITERAL_CONVERSION = YES;
				CLANG_WARN_OBJC_ROOT_CLASS = YES_ERROR;
				CLANG_WARN_RANGE_LOOP_ANALYSIS = YES;
				CLANG_WARN_STRICT_PROTOTYPES = YES;
				CLANG_WARN_SUSPICIOUS_MOVE = YES;
				CLANG_WARN_UNGUARDED_AVAILABILITY = YES_AGGRESSIVE;
				CLANG_WARN_UNREACHABLE_CODE = YES;
				CLANG_WARN__DUPLICATE_METHOD_MATCH = YES;
				CODE_SIGN_IDENTITY = "iPhone Developer";
				COPY_PHASE_STRIP = NO;
				DEBUG_INFORMATION_FORMAT = dwarf;
				ENABLE_STRICT_OBJC_MSGSEND = YES;
				ENABLE_TESTABILITY = YES;
				GCC_C_LANGUAGE_STANDARD = gnu11;
				GCC_DYNAMIC_NO_PIC = NO;
				GCC_NO_COMMON_BLOCKS = YES;
				GCC_OPTIMIZATION_LEVEL = 0;
				GCC_PREPROCESSOR_DEFINITIONS = (
					"DEBUG=1",
					"$(inherited)",
				);
				GCC_WARN_64_TO_32_BIT_CONVERSION = YES;
				GCC_WARN_ABOUT_RETURN_TYPE = YES_ERROR;
				GCC_WARN_UNDECLARED_SELECTOR = YES;
				GCC_WARN_UNINITIALIZED_AUTOS = YES_AGGRESSIVE;
				GCC_WARN_UNUSED_FUNCTION = YES;
				GCC_WARN_UNUSED_VARIABLE = YES;
				IPHONEOS_DEPLOYMENT_TARGET = 11.4;
				MTL_ENABLE_DEBUG_INFO = YES;
				ONLY_ACTIVE_ARCH = YES;
				SDKROOT = iphoneos;
				SWIFT_ACTIVE_COMPILATION_CONDITIONS = DEBUG;
				SWIFT_OPTIMIZATION_LEVEL = "-Onone";
			};
			name = Debug;
		};
		B7406D7D21248ED50074CFE2 /* Release */ = {
			isa = XCBuildConfiguration;
			buildSettings = {
				ALWAYS_SEARCH_USER_PATHS = NO;
				CLANG_ANALYZER_NONNULL = YES;
				CLANG_ANALYZER_NUMBER_OBJECT_CONVERSION = YES_AGGRESSIVE;
				CLANG_CXX_LANGUAGE_STANDARD = "gnu++14";
				CLANG_CXX_LIBRARY = "libc++";
				CLANG_ENABLE_MODULES = YES;
				CLANG_ENABLE_OBJC_ARC = YES;
				CLANG_ENABLE_OBJC_WEAK = YES;
				CLANG_WARN_BLOCK_CAPTURE_AUTORELEASING = YES;
				CLANG_WARN_BOOL_CONVERSION = YES;
				CLANG_WARN_COMMA = YES;
				CLANG_WARN_CONSTANT_CONVERSION = YES;
				CLANG_WARN_DEPRECATED_OBJC_IMPLEMENTATIONS = YES;
				CLANG_WARN_DIRECT_OBJC_ISA_USAGE = YES_ERROR;
				CLANG_WARN_DOCUMENTATION_COMMENTS = YES;
				CLANG_WARN_EMPTY_BODY = YES;
				CLANG_WARN_ENUM_CONVERSION = YES;
				CLANG_WARN_INFINITE_RECURSION = YES;
				CLANG_WARN_INT_CONVERSION = YES;
				CLANG_WARN_NON_LITERAL_NULL_CONVERSION = YES;
				CLANG_WARN_OBJC_IMPLICIT_RETAIN_SELF = YES;
				CLANG_WARN_OBJC_LITERAL_CONVERSION = YES;
				CLANG_WARN_OBJC_ROOT_CLASS = YES_ERROR;
				CLANG_WARN_RANGE_LOOP_ANALYSIS = YES;
				CLANG_WARN_STRICT_PROTOTYPES = YES;
				CLANG_WARN_SUSPICIOUS_MOVE = YES;
				CLANG_WARN_UNGUARDED_AVAILABILITY = YES_AGGRESSIVE;
				CLANG_WARN_UNREACHABLE_CODE = YES;
				CLANG_WARN__DUPLICATE_METHOD_MATCH = YES;
				CODE_SIGN_IDENTITY = "iPhone Developer";
				COPY_PHASE_STRIP = NO;
				DEBUG_INFORMATION_FORMAT = "dwarf-with-dsym";
				ENABLE_NS_ASSERTIONS = NO;
				ENABLE_STRICT_OBJC_MSGSEND = YES;
				GCC_C_LANGUAGE_STANDARD = gnu11;
				GCC_NO_COMMON_BLOCKS = YES;
				GCC_WARN_64_TO_32_BIT_CONVERSION = YES;
				GCC_WARN_ABOUT_RETURN_TYPE = YES_ERROR;
				GCC_WARN_UNDECLARED_SELECTOR = YES;
				GCC_WARN_UNINITIALIZED_AUTOS = YES_AGGRESSIVE;
				GCC_WARN_UNUSED_FUNCTION = YES;
				GCC_WARN_UNUSED_VARIABLE = YES;
				IPHONEOS_DEPLOYMENT_TARGET = 11.4;
				MTL_ENABLE_DEBUG_INFO = NO;
				SDKROOT = iphoneos;
				SWIFT_COMPILATION_MODE = wholemodule;
				SWIFT_OPTIMIZATION_LEVEL = "-O";
				VALIDATE_PRODUCT = YES;
			};
			name = Release;
		};
		B7406D7F21248ED50074CFE2 /* Debug */ = {
			isa = XCBuildConfiguration;
			buildSettings = {
				ASSETCATALOG_COMPILER_APPICON_NAME = AppIcon;
				CODE_SIGN_STYLE = Automatic;
				INFOPLIST_FILE = NotesCD/Info.plist;
				LD_RUNPATH_SEARCH_PATHS = (
					"$(inherited)",
					"@executable_path/Frameworks",
				);
				PRODUCT_BUNDLE_IDENTIFIER = com.example.irma.NotesCD;
				PRODUCT_NAME = "$(TARGET_NAME)";
				SWIFT_VERSION = 4.0;
				TARGETED_DEVICE_FAMILY = "1,2";
			};
			name = Debug;
		};
		B7406D8021248ED50074CFE2 /* Release */ = {
			isa = XCBuildConfiguration;
			buildSettings = {
				ASSETCATALOG_COMPILER_APPICON_NAME = AppIcon;
				CODE_SIGN_STYLE = Automatic;
				INFOPLIST_FILE = NotesCD/Info.plist;
				LD_RUNPATH_SEARCH_PATHS = (
					"$(inherited)",
					"@executable_path/Frameworks",
				);
				PRODUCT_BUNDLE_IDENTIFIER = com.example.irma.NotesCD;
				PRODUCT_NAME = "$(TARGET_NAME)";
				SWIFT_VERSION = 4.0;
				TARGETED_DEVICE_FAMILY = "1,2";
			};
			name = Release;
		};
/* End XCBuildConfiguration section */

/* Begin XCConfigurationList section */
		B7406D6721248ED50074CFE2 /* Build configuration list for PBXProject "NotesCD" */ = {
			isa = XCConfigurationList;
			buildConfigurations = (
				B7406D7C21248ED50074CFE2 /* Debug */,
				B7406D7D21248ED50074CFE2 /* Release */,
			);
			defaultConfigurationIsVisible = 0;
			defaultConfigurationName = Release;
		};
		B7406D7E21248ED50074CFE2 /* Build configuration list for PBXNativeTarget "NotesCD" */ = {
			isa = XCConfigurationList;
			buildConfigurations = (
				B7406D7F21248ED50074CFE2 /* Debug */,
				B7406D8021248ED50074CFE2 /* Release */,
			);
			defaultConfigurationIsVisible = 0;
			defaultConfigurationName = Release;
		};
/* End XCConfigurationList section */

/* Begin XCVersionGroup section */
		B76FCEC22124B2A100B7F242 /* Notes.xcdatamodeld */ = {
			isa = XCVersionGroup;
			children = (
				B76FCEC32124B2A100B7F242 /* Notes.xcdatamodel */,
			);
			currentVersion = B76FCEC32124B2A100B7F242 /* Notes.xcdatamodel */;
			path = Notes.xcdatamodeld;
			sourceTree = "<group>";
			versionGroupType = wrapper.xcdatamodel;
		};
/* End XCVersionGroup section */
	};
	rootObject = B7406D6421248ED50074CFE2 /* Project object */;
}
